Microsoft Visual Studio Solution File, Format Version 11.00
# Visual Studio 2008

Project("{9EE9D85A-86F0-118C-40BA-2385BB314FD7}") = "ME", "Assembly-CSharp.csproj", "{1F4F5458-1E44-DB6B-CB1B-A5702A1C1E1A}"
EndProject
Global
	GlobalSection(SolutionConfigurationPlatforms) = preSolution
		Debug|Any CPU = Debug|Any CPU
		Release|Any CPU = Release|Any CPU
	EndGlobalSection
	GlobalSection(ProjectConfigurationPlatforms) = postSolution
		{1F4F5458-1E44-DB6B-CB1B-A5702A1C1E1A}.Debug|Any CPU.ActiveCfg = Debug|Any CPU
		{1F4F5458-1E44-DB6B-CB1B-A5702A1C1E1A}.Debug|Any CPU.Build.0 = Debug|Any CPU
		{1F4F5458-1E44-DB6B-CB1B-A5702A1C1E1A}.Release|Any CPU.ActiveCfg = Release|Any CPU
		{1F4F5458-1E44-DB6B-CB1B-A5702A1C1E1A}.Release|Any CPU.Build.0 = Release|Any CPU
	EndGlobalSection
	GlobalSection(SolutionProperties) = preSolution
		HideSolutionNode = FALSE
	EndGlobalSection
	GlobalSection(MonoDevelopProperties) = preSolution
		StartupItem = Assembly-CSharp.csproj
	EndGlobalSection
EndGlobal
